PODS:
  - Flutter (1.0.0)
  - image_picker_modern (0.0.1):
    - Flutter

DEPENDENCIES:
  - Flutter (from `Flutter`)
  - image_picker_modern (from `.symlinks/plugins/image_picker_modern/ios`)

EXTERNAL SOURCES:
  Flutter:
    :path: Flutter
  image_picker_modern:
    :path: ".symlinks/plugins/image_picker_modern/ios"

SPEC CHECKSUMS:
  Flutter: 0e3d915762c693b495b44d77113d4970485de6ec
  image_picker_modern: 40bc7d164e23451a0417e302e514746a2b81c269

PODFILE CHECKSUM: 1b66dae606f75376c5f2135a8290850eeb09ae83

COCOAPODS: 1.8.4
